
Microsoft Visual Studio Solution File, Format Version 12.00
# Visual Studio Version 17
VisualStudioVersion = 17.8.34511.84
MinimumVisualStudioVersion = 10.0.40219.1
Project("{9A19103F-16F7-4668-BE54-9A1E7A4F7556}") = "Models", "Models\Models.csproj", "{47383AF4-7163-4F20-8B3A-CD2AF2997D88}"
EndProject
Project("{9A19103F-16F7-4668-BE54-9A1E7A4F7556}") = "EasySave", "EasySave\EasySave.csproj", "{A20C3CA1-6726-4820-B8FD-C4D74833C3B0}"
EndProject
Project("{9A19103F-16F7-4668-BE54-9A1E7A4F7556}") = "LogsModels", "Logs\LogsModels.csproj", "{334B09B1-F615-46CE-868C-678E1E2CA01A}"
EndProject
Project("{9A19103F-16F7-4668-BE54-9A1E7A4F7556}") = "UnitTestJobs", "UnitTestJobs\UnitTestJobs.csproj", "{CF0222CE-32FB-43B3-BF87-53D4CF4A8A81}"
EndProject
Project("{9A19103F-16F7-4668-BE54-9A1E7A4F7556}") = "ViewModels", "ViewModels\ViewModels.csproj", "{BA089C29-0347-452B-A820-67A5BB765108}"
EndProject
Project("{9A19103F-16F7-4668-BE54-9A1E7A4F7556}") = "Ressources", "Ressources\Ressources.csproj", "{796169F2-950C-4875-A74F-16B5EE9284B1}"
EndProject
Project("{9A19103F-16F7-4668-BE54-9A1E7A4F7556}") = "OpenDialog", "OpenDialog\OpenDialog.csproj", "{795E1866-A275-4110-ABE2-78D4128D8B97}"
EndProject
Project("{9A19103F-16F7-4668-BE54-9A1E7A4F7556}") = "Stockage", "..\EasySaveGUI\Stockage\Stockage.csproj", "{FBD4CA68-9061-4727-B752-0338F9E2D293}"
EndProject
Project("{9A19103F-16F7-4668-BE54-9A1E7A4F7556}") = "UnitTestStorage", "..\EasySaveGUI\UnitTestStorage\UnitTestStorage.csproj", "{E3606677-F862-4FB7-93C3-7C425CB2D07A}"
EndProject
Global
	GlobalSection(SolutionConfigurationPlatforms) = preSolution
		Debug|Any CPU = Debug|Any CPU
		Release|Any CPU = Release|Any CPU
	EndGlobalSection
	GlobalSection(ProjectConfigurationPlatforms) = postSolution
		{47383AF4-7163-4F20-8B3A-CD2AF2997D88}.Debug|Any CPU.ActiveCfg = Debug|Any CPU
		{47383AF4-7163-4F20-8B3A-CD2AF2997D88}.Debug|Any CPU.Build.0 = Debug|Any CPU
		{47383AF4-7163-4F20-8B3A-CD2AF2997D88}.Release|Any CPU.ActiveCfg = Release|Any CPU
		{47383AF4-7163-4F20-8B3A-CD2AF2997D88}.Release|Any CPU.Build.0 = Release|Any CPU
		{A20C3CA1-6726-4820-B8FD-C4D74833C3B0}.Debug|Any CPU.ActiveCfg = Debug|Any CPU
		{A20C3CA1-6726-4820-B8FD-C4D74833C3B0}.Debug|Any CPU.Build.0 = Debug|Any CPU
		{A20C3CA1-6726-4820-B8FD-C4D74833C3B0}.Release|Any CPU.ActiveCfg = Release|Any CPU
		{A20C3CA1-6726-4820-B8FD-C4D74833C3B0}.Release|Any CPU.Build.0 = Release|Any CPU
		{334B09B1-F615-46CE-868C-678E1E2CA01A}.Debug|Any CPU.ActiveCfg = Debug|Any CPU
		{334B09B1-F615-46CE-868C-678E1E2CA01A}.Debug|Any CPU.Build.0 = Debug|Any CPU
		{334B09B1-F615-46CE-868C-678E1E2CA01A}.Release|Any CPU.ActiveCfg = Release|Any CPU
		{334B09B1-F615-46CE-868C-678E1E2CA01A}.Release|Any CPU.Build.0 = Release|Any CPU
		{CF0222CE-32FB-43B3-BF87-53D4CF4A8A81}.Debug|Any CPU.ActiveCfg = Debug|Any CPU
		{CF0222CE-32FB-43B3-BF87-53D4CF4A8A81}.Debug|Any CPU.Build.0 = Debug|Any CPU
		{CF0222CE-32FB-43B3-BF87-53D4CF4A8A81}.Release|Any CPU.ActiveCfg = Release|Any CPU
		{CF0222CE-32FB-43B3-BF87-53D4CF4A8A81}.Release|Any CPU.Build.0 = Release|Any CPU
		{BA089C29-0347-452B-A820-67A5BB765108}.Debug|Any CPU.ActiveCfg = Debug|Any CPU
		{BA089C29-0347-452B-A820-67A5BB765108}.Debug|Any CPU.Build.0 = Debug|Any CPU
		{BA089C29-0347-452B-A820-67A5BB765108}.Release|Any CPU.ActiveCfg = Release|Any CPU
		{BA089C29-0347-452B-A820-67A5BB765108}.Release|Any CPU.Build.0 = Release|Any CPU
		{796169F2-950C-4875-A74F-16B5EE9284B1}.Debug|Any CPU.ActiveCfg = Debug|Any CPU
		{796169F2-950C-4875-A74F-16B5EE9284B1}.Debug|Any CPU.Build.0 = Debug|Any CPU
		{796169F2-950C-4875-A74F-16B5EE9284B1}.Release|Any CPU.ActiveCfg = Release|Any CPU
		{796169F2-950C-4875-A74F-16B5EE9284B1}.Release|Any CPU.Build.0 = Release|Any CPU
		{795E1866-A275-4110-ABE2-78D4128D8B97}.Debug|Any CPU.ActiveCfg = Debug|Any CPU
		{795E1866-A275-4110-ABE2-78D4128D8B97}.Debug|Any CPU.Build.0 = Debug|Any CPU
		{795E1866-A275-4110-ABE2-78D4128D8B97}.Release|Any CPU.ActiveCfg = Release|Any CPU
		{795E1866-A275-4110-ABE2-78D4128D8B97}.Release|Any CPU.Build.0 = Release|Any CPU
		{FBD4CA68-9061-4727-B752-0338F9E2D293}.Debug|Any CPU.ActiveCfg = Debug|Any CPU
		{FBD4CA68-9061-4727-B752-0338F9E2D293}.Debug|Any CPU.Build.0 = Debug|Any CPU
		{FBD4CA68-9061-4727-B752-0338F9E2D293}.Release|Any CPU.ActiveCfg = Release|Any CPU
		{FBD4CA68-9061-4727-B752-0338F9E2D293}.Release|Any CPU.Build.0 = Release|Any CPU
		{E3606677-F862-4FB7-93C3-7C425CB2D07A}.Debug|Any CPU.ActiveCfg = Debug|Any CPU
		{E3606677-F862-4FB7-93C3-7C425CB2D07A}.Debug|Any CPU.Build.0 = Debug|Any CPU
		{E3606677-F862-4FB7-93C3-7C425CB2D07A}.Release|Any CPU.ActiveCfg = Release|Any CPU
		{E3606677-F862-4FB7-93C3-7C425CB2D07A}.Release|Any CPU.Build.0 = Release|Any CPU
	EndGlobalSection
	GlobalSection(SolutionProperties) = preSolution
		HideSolutionNode = FALSE
	EndGlobalSection
	GlobalSection(ExtensibilityGlobals) = postSolution
		SolutionGuid = {6D48844D-801E-4822-A685-5D946540E021}
	EndGlobalSection
EndGlobal
