
Microsoft Visual Studio Solution File, Format Version 12.00
# Visual Studio Version 17
VisualStudioVersion = 17.8.34511.84
MinimumVisualStudioVersion = 10.0.40219.1
Project("{9A19103F-16F7-4668-BE54-9A1E7A4F7556}") = "Models", "Models\Models.csproj", "{47383AF4-7163-4F20-8B3A-CD2AF2997D88}"
EndProject
Project("{9A19103F-16F7-4668-BE54-9A1E7A4F7556}") = "EasySave", "EasySave\EasySave.csproj", "{A20C3CA1-6726-4820-B8FD-C4D74833C3B0}"
EndProject
Project("{9A19103F-16F7-4668-BE54-9A1E7A4F7556}") = "UnitTestJobs", "UnitTestJobs\UnitTestJobs.csproj", "{CF0222CE-32FB-43B3-BF87-53D4CF4A8A81}"
EndProject
Project("{9A19103F-16F7-4668-BE54-9A1E7A4F7556}") = "ViewModels", "ViewModels\ViewModels.csproj", "{BA089C29-0347-452B-A820-67A5BB765108}"
EndProject
Project("{9A19103F-16F7-4668-BE54-9A1E7A4F7556}") = "Stockage", "..\EasySave-2.0\EasySaveGUI\Stockage\Stockage.csproj", "{2112B29C-DD17-40FE-B792-FA6B01651C27}"
EndProject
Project("{9A19103F-16F7-4668-BE54-9A1E7A4F7556}") = "Ressources", "..\EasySave-2.0\EasySaveGUI\Ressources\Ressources.csproj", "{431C9EE0-0A69-4666-8655-6D59479A8959}"
EndProject
Project("{9A19103F-16F7-4668-BE54-9A1E7A4F7556}") = "UnitTestStorage", "..\EasySave-2.0\EasySaveGUI\UnitTestStorage\UnitTestStorage.csproj", "{BA4B626E-9151-4BB9-9C11-1A1292DBD29B}"
EndProject
Project("{9A19103F-16F7-4668-BE54-9A1E7A4F7556}") = "OpenDialog", "..\EasySave-2.0\EasySaveGUI\OpenDialog\OpenDialog.csproj", "{27F837B8-C448-4B42-B666-55BE92CB0198}"
EndProject
Project("{9A19103F-16F7-4668-BE54-9A1E7A4F7556}") = "LogsModels", "..\EasySave-2.0\EasySaveGUI\Logs\LogsModels.csproj", "{EC34F28E-3766-48C0-8C3D-EA17EBDCB093}"
EndProject
Global
	GlobalSection(SolutionConfigurationPlatforms) = preSolution
		Debug|Any CPU = Debug|Any CPU
		Release|Any CPU = Release|Any CPU
	EndGlobalSection
	GlobalSection(ProjectConfigurationPlatforms) = postSolution
		{47383AF4-7163-4F20-8B3A-CD2AF2997D88}.Debug|Any CPU.ActiveCfg = Debug|Any CPU
		{47383AF4-7163-4F20-8B3A-CD2AF2997D88}.Debug|Any CPU.Build.0 = Debug|Any CPU
		{47383AF4-7163-4F20-8B3A-CD2AF2997D88}.Release|Any CPU.ActiveCfg = Release|Any CPU
		{47383AF4-7163-4F20-8B3A-CD2AF2997D88}.Release|Any CPU.Build.0 = Release|Any CPU
		{A20C3CA1-6726-4820-B8FD-C4D74833C3B0}.Debug|Any CPU.ActiveCfg = Debug|Any CPU
		{A20C3CA1-6726-4820-B8FD-C4D74833C3B0}.Debug|Any CPU.Build.0 = Debug|Any CPU
		{A20C3CA1-6726-4820-B8FD-C4D74833C3B0}.Release|Any CPU.ActiveCfg = Release|Any CPU
		{A20C3CA1-6726-4820-B8FD-C4D74833C3B0}.Release|Any CPU.Build.0 = Release|Any CPU
		{CF0222CE-32FB-43B3-BF87-53D4CF4A8A81}.Debug|Any CPU.ActiveCfg = Debug|Any CPU
		{CF0222CE-32FB-43B3-BF87-53D4CF4A8A81}.Debug|Any CPU.Build.0 = Debug|Any CPU
		{CF0222CE-32FB-43B3-BF87-53D4CF4A8A81}.Release|Any CPU.ActiveCfg = Release|Any CPU
		{CF0222CE-32FB-43B3-BF87-53D4CF4A8A81}.Release|Any CPU.Build.0 = Release|Any CPU
		{BA089C29-0347-452B-A820-67A5BB765108}.Debug|Any CPU.ActiveCfg = Debug|Any CPU
		{BA089C29-0347-452B-A820-67A5BB765108}.Debug|Any CPU.Build.0 = Debug|Any CPU
		{BA089C29-0347-452B-A820-67A5BB765108}.Release|Any CPU.ActiveCfg = Release|Any CPU
		{BA089C29-0347-452B-A820-67A5BB765108}.Release|Any CPU.Build.0 = Release|Any CPU
		{2112B29C-DD17-40FE-B792-FA6B01651C27}.Debug|Any CPU.ActiveCfg = Debug|Any CPU
		{2112B29C-DD17-40FE-B792-FA6B01651C27}.Debug|Any CPU.Build.0 = Debug|Any CPU
		{2112B29C-DD17-40FE-B792-FA6B01651C27}.Release|Any CPU.ActiveCfg = Release|Any CPU
		{2112B29C-DD17-40FE-B792-FA6B01651C27}.Release|Any CPU.Build.0 = Release|Any CPU
		{431C9EE0-0A69-4666-8655-6D59479A8959}.Debug|Any CPU.ActiveCfg = Debug|Any CPU
		{431C9EE0-0A69-4666-8655-6D59479A8959}.Debug|Any CPU.Build.0 = Debug|Any CPU
		{431C9EE0-0A69-4666-8655-6D59479A8959}.Release|Any CPU.ActiveCfg = Release|Any CPU
		{431C9EE0-0A69-4666-8655-6D59479A8959}.Release|Any CPU.Build.0 = Release|Any CPU
		{BA4B626E-9151-4BB9-9C11-1A1292DBD29B}.Debug|Any CPU.ActiveCfg = Debug|Any CPU
		{BA4B626E-9151-4BB9-9C11-1A1292DBD29B}.Debug|Any CPU.Build.0 = Debug|Any CPU
		{BA4B626E-9151-4BB9-9C11-1A1292DBD29B}.Release|Any CPU.ActiveCfg = Release|Any CPU
		{BA4B626E-9151-4BB9-9C11-1A1292DBD29B}.Release|Any CPU.Build.0 = Release|Any CPU
		{27F837B8-C448-4B42-B666-55BE92CB0198}.Debug|Any CPU.ActiveCfg = Debug|Any CPU
		{27F837B8-C448-4B42-B666-55BE92CB0198}.Debug|Any CPU.Build.0 = Debug|Any CPU
		{27F837B8-C448-4B42-B666-55BE92CB0198}.Release|Any CPU.ActiveCfg = Release|Any CPU
		{27F837B8-C448-4B42-B666-55BE92CB0198}.Release|Any CPU.Build.0 = Release|Any CPU
		{EC34F28E-3766-48C0-8C3D-EA17EBDCB093}.Debug|Any CPU.ActiveCfg = Debug|Any CPU
		{EC34F28E-3766-48C0-8C3D-EA17EBDCB093}.Debug|Any CPU.Build.0 = Debug|Any CPU
		{EC34F28E-3766-48C0-8C3D-EA17EBDCB093}.Release|Any CPU.ActiveCfg = Release|Any CPU
		{EC34F28E-3766-48C0-8C3D-EA17EBDCB093}.Release|Any CPU.Build.0 = Release|Any CPU
	EndGlobalSection
	GlobalSection(SolutionProperties) = preSolution
		HideSolutionNode = FALSE
	EndGlobalSection
	GlobalSection(ExtensibilityGlobals) = postSolution
		SolutionGuid = {6D48844D-801E-4822-A685-5D946540E021}
	EndGlobalSection
EndGlobal
