
Microsoft Visual Studio Solution File, Format Version 12.00
# Visual Studio Version 17
VisualStudioVersion = 17.8.34511.84
MinimumVisualStudioVersion = 10.0.40219.1
Project("{9A19103F-16F7-4668-BE54-9A1E7A4F7556}") = "Models", "Models\Models.csproj", "{47383AF4-7163-4F20-8B3A-CD2AF2997D88}"
EndProject
Project("{9A19103F-16F7-4668-BE54-9A1E7A4F7556}") = "EasySave", "EasySave\EasySave.csproj", "{A20C3CA1-6726-4820-B8FD-C4D74833C3B0}"
EndProject
Project("{9A19103F-16F7-4668-BE54-9A1E7A4F7556}") = "UnitTestJobs", "UnitTestJobs\UnitTestJobs.csproj", "{CF0222CE-32FB-43B3-BF87-53D4CF4A8A81}"
EndProject
Project("{9A19103F-16F7-4668-BE54-9A1E7A4F7556}") = "Ressources", "Ressources\Ressources.csproj", "{E3B60691-13CF-4967-93C8-78CFF6189F7F}"
EndProject
Project("{FAE04EC0-301F-11D3-BF4B-00C04F79EFBC}") = "OpenDialog", "OpenDialog\OpenDialog.csproj", "{174CE53E-5F15-457C-8AE7-F5DC418D9411}"
EndProject
Project("{FAE04EC0-301F-11D3-BF4B-00C04F79EFBC}") = "ViewModels", "ViewModels\ViewModels.csproj", "{286AB9B6-8795-4399-A8F7-9FF8AAEB8A89}"
EndProject
Project("{FAE04EC0-301F-11D3-BF4B-00C04F79EFBC}") = "LogsModels", "LogsModels\LogsModels.csproj", "{43C40F24-8782-4E1D-888D-8E15C8655411}"
EndProject
Project("{FAE04EC0-301F-11D3-BF4B-00C04F79EFBC}") = "Stockage", "Stockage\Stockage.csproj", "{3E8BCE3D-ADCE-4E4A-8576-8321D83B13BD}"
EndProject
Project("{FAE04EC0-301F-11D3-BF4B-00C04F79EFBC}") = "UnitTestStorage", "UnitTestStorage\UnitTestStorage.csproj", "{016E2659-2691-4C55-8EB0-40BEFF8D4F39}"
EndProject
Global
	GlobalSection(SolutionConfigurationPlatforms) = preSolution
		Debug|Any CPU = Debug|Any CPU
		Release|Any CPU = Release|Any CPU
	EndGlobalSection
	GlobalSection(ProjectConfigurationPlatforms) = postSolution
		{47383AF4-7163-4F20-8B3A-CD2AF2997D88}.Debug|Any CPU.ActiveCfg = Debug|Any CPU
		{47383AF4-7163-4F20-8B3A-CD2AF2997D88}.Debug|Any CPU.Build.0 = Debug|Any CPU
		{47383AF4-7163-4F20-8B3A-CD2AF2997D88}.Release|Any CPU.ActiveCfg = Release|Any CPU
		{47383AF4-7163-4F20-8B3A-CD2AF2997D88}.Release|Any CPU.Build.0 = Release|Any CPU
		{A20C3CA1-6726-4820-B8FD-C4D74833C3B0}.Debug|Any CPU.ActiveCfg = Debug|Any CPU
		{A20C3CA1-6726-4820-B8FD-C4D74833C3B0}.Debug|Any CPU.Build.0 = Debug|Any CPU
		{A20C3CA1-6726-4820-B8FD-C4D74833C3B0}.Release|Any CPU.ActiveCfg = Release|Any CPU
		{A20C3CA1-6726-4820-B8FD-C4D74833C3B0}.Release|Any CPU.Build.0 = Release|Any CPU
		{CF0222CE-32FB-43B3-BF87-53D4CF4A8A81}.Debug|Any CPU.ActiveCfg = Debug|Any CPU
		{CF0222CE-32FB-43B3-BF87-53D4CF4A8A81}.Debug|Any CPU.Build.0 = Debug|Any CPU
		{CF0222CE-32FB-43B3-BF87-53D4CF4A8A81}.Release|Any CPU.ActiveCfg = Release|Any CPU
		{CF0222CE-32FB-43B3-BF87-53D4CF4A8A81}.Release|Any CPU.Build.0 = Release|Any CPU
		{E3B60691-13CF-4967-93C8-78CFF6189F7F}.Debug|Any CPU.ActiveCfg = Debug|Any CPU
		{E3B60691-13CF-4967-93C8-78CFF6189F7F}.Debug|Any CPU.Build.0 = Debug|Any CPU
		{E3B60691-13CF-4967-93C8-78CFF6189F7F}.Release|Any CPU.ActiveCfg = Release|Any CPU
		{E3B60691-13CF-4967-93C8-78CFF6189F7F}.Release|Any CPU.Build.0 = Release|Any CPU
		{174CE53E-5F15-457C-8AE7-F5DC418D9411}.Debug|Any CPU.ActiveCfg = Debug|Any CPU
		{174CE53E-5F15-457C-8AE7-F5DC418D9411}.Debug|Any CPU.Build.0 = Debug|Any CPU
		{174CE53E-5F15-457C-8AE7-F5DC418D9411}.Release|Any CPU.ActiveCfg = Release|Any CPU
		{174CE53E-5F15-457C-8AE7-F5DC418D9411}.Release|Any CPU.Build.0 = Release|Any CPU
		{286AB9B6-8795-4399-A8F7-9FF8AAEB8A89}.Debug|Any CPU.ActiveCfg = Debug|Any CPU
		{286AB9B6-8795-4399-A8F7-9FF8AAEB8A89}.Debug|Any CPU.Build.0 = Debug|Any CPU
		{286AB9B6-8795-4399-A8F7-9FF8AAEB8A89}.Release|Any CPU.ActiveCfg = Release|Any CPU
		{286AB9B6-8795-4399-A8F7-9FF8AAEB8A89}.Release|Any CPU.Build.0 = Release|Any CPU
		{43C40F24-8782-4E1D-888D-8E15C8655411}.Debug|Any CPU.ActiveCfg = Debug|Any CPU
		{43C40F24-8782-4E1D-888D-8E15C8655411}.Debug|Any CPU.Build.0 = Debug|Any CPU
		{43C40F24-8782-4E1D-888D-8E15C8655411}.Release|Any CPU.ActiveCfg = Release|Any CPU
		{43C40F24-8782-4E1D-888D-8E15C8655411}.Release|Any CPU.Build.0 = Release|Any CPU
		{3E8BCE3D-ADCE-4E4A-8576-8321D83B13BD}.Debug|Any CPU.ActiveCfg = Debug|Any CPU
		{3E8BCE3D-ADCE-4E4A-8576-8321D83B13BD}.Debug|Any CPU.Build.0 = Debug|Any CPU
		{3E8BCE3D-ADCE-4E4A-8576-8321D83B13BD}.Release|Any CPU.ActiveCfg = Release|Any CPU
		{3E8BCE3D-ADCE-4E4A-8576-8321D83B13BD}.Release|Any CPU.Build.0 = Release|Any CPU
		{016E2659-2691-4C55-8EB0-40BEFF8D4F39}.Debug|Any CPU.ActiveCfg = Debug|Any CPU
		{016E2659-2691-4C55-8EB0-40BEFF8D4F39}.Debug|Any CPU.Build.0 = Debug|Any CPU
		{016E2659-2691-4C55-8EB0-40BEFF8D4F39}.Release|Any CPU.ActiveCfg = Release|Any CPU
		{016E2659-2691-4C55-8EB0-40BEFF8D4F39}.Release|Any CPU.Build.0 = Release|Any CPU
	EndGlobalSection
	GlobalSection(SolutionProperties) = preSolution
		HideSolutionNode = FALSE
	EndGlobalSection
	GlobalSection(ExtensibilityGlobals) = postSolution
		SolutionGuid = {6D48844D-801E-4822-A685-5D946540E021}
	EndGlobalSection
EndGlobal
